
Microsoft Visual Studio Solution File, Format Version 12.00
# Visual Studio 14
VisualStudioVersion = 14.0.25123.0
MinimumVisualStudioVersion = 10.0.40219.1
Project("{FAE04EC0-301F-11D3-BF4B-00C04F79EFBC}") = "SyncfusionProof", "SyncfusionProof\SyncfusionProof.csproj", "{9CB01186-E8EC-414A-A4C3-860E0E9AE02A}"
EndProject
Project("{2150E333-8FDC-42A3-9474-1A3956D46DE8}") = ".nuget", ".nuget", "{8E4D9E04-E5DB-42BB-A210-3D9D0E250794}"
	ProjectSection(SolutionItems) = preProject
		.nuget\NuGet.Config = .nuget\NuGet.Config
		.nuget\NuGet.exe = .nuget\NuGet.exe
		.nuget\NuGet.targets = .nuget\NuGet.targets
	EndProjectSection
EndProject
Project("{FAE04EC0-301F-11D3-BF4B-00C04F79EFBC}") = "SyncfusionProof.Reports", "SyncfusionProof.Reports\SyncfusionProof.Reports.csproj", "{421BE663-7675-468D-93D3-EBFF1FF59D68}"
EndProject
Project("{FAE04EC0-301F-11D3-BF4B-00C04F79EFBC}") = "SyncfusionProof.Data", "SyncfusionProof.Data\SyncfusionProof.Data.csproj", "{35322377-BD42-450A-AB29-22B9E9BA69B0}"
EndProject
Project("{2150E333-8FDC-42A3-9474-1A3956D46DE8}") = "Solution Items", "Solution Items", "{531D9D3F-1918-4690-BD31-CDE197D3A7A8}"
	ProjectSection(SolutionItems) = preProject
		UpdatePackageExclusions.txt = UpdatePackageExclusions.txt
	EndProjectSection
EndProject
Global
	GlobalSection(SolutionConfigurationPlatforms) = preSolution
		Debug|Any CPU = Debug|Any CPU
		Release|Any CPU = Release|Any CPU
	EndGlobalSection
	GlobalSection(ProjectConfigurationPlatforms) = postSolution
		{9CB01186-E8EC-414A-A4C3-860E0E9AE02A}.Debug|Any CPU.ActiveCfg = Debug|Any CPU
		{9CB01186-E8EC-414A-A4C3-860E0E9AE02A}.Debug|Any CPU.Build.0 = Debug|Any CPU
		{9CB01186-E8EC-414A-A4C3-860E0E9AE02A}.Release|Any CPU.ActiveCfg = Release|Any CPU
		{9CB01186-E8EC-414A-A4C3-860E0E9AE02A}.Release|Any CPU.Build.0 = Release|Any CPU
		{421BE663-7675-468D-93D3-EBFF1FF59D68}.Debug|Any CPU.ActiveCfg = Debug|Any CPU
		{421BE663-7675-468D-93D3-EBFF1FF59D68}.Debug|Any CPU.Build.0 = Debug|Any CPU
		{421BE663-7675-468D-93D3-EBFF1FF59D68}.Release|Any CPU.ActiveCfg = Release|Any CPU
		{421BE663-7675-468D-93D3-EBFF1FF59D68}.Release|Any CPU.Build.0 = Release|Any CPU
		{35322377-BD42-450A-AB29-22B9E9BA69B0}.Debug|Any CPU.ActiveCfg = Debug|Any CPU
		{35322377-BD42-450A-AB29-22B9E9BA69B0}.Debug|Any CPU.Build.0 = Debug|Any CPU
		{35322377-BD42-450A-AB29-22B9E9BA69B0}.Release|Any CPU.ActiveCfg = Release|Any CPU
		{35322377-BD42-450A-AB29-22B9E9BA69B0}.Release|Any CPU.Build.0 = Release|Any CPU
	EndGlobalSection
	GlobalSection(SolutionProperties) = preSolution
		HideSolutionNode = FALSE
	EndGlobalSection
EndGlobal
